
Microsoft Visual Studio Solution File, Format Version 12.00
# Visual Studio Version 16
VisualStudioVersion = 16.0.30114.105
MinimumVisualStudioVersion = 10.0.40219.1
Project("{FAE04EC0-301F-11D3-BF4B-00C04F79EFBC}") = "MvvmKit", "MvvmKit\MvvmKit.csproj", "{4E388C08-E04E-4D6A-899C-77F64CD4FFA4}"
EndProject
Project("{FAE04EC0-301F-11D3-BF4B-00C04F79EFBC}") = "MvvmKit.Platforms.Ios", "MvvmKit.Platforms.Ios\MvvmKit.Platforms.Ios.csproj", "{F514BA63-5F7B-4464-BDDA-4B2D1356B7DB}"
EndProject
Project("{FAE04EC0-301F-11D3-BF4B-00C04F79EFBC}") = "MvvmKit.Abstractions", "MvvmKit.Abstractions\MvvmKit.Abstractions.csproj", "{F649605A-AFBF-4659-A8EF-096BA3C298E4}"
EndProject
Global
	GlobalSection(SolutionConfigurationPlatforms) = preSolution
		Debug|Any CPU = Debug|Any CPU
		Release|Any CPU = Release|Any CPU
	EndGlobalSection
	GlobalSection(SolutionProperties) = preSolution
		HideSolutionNode = FALSE
	EndGlobalSection
	GlobalSection(ProjectConfigurationPlatforms) = postSolution
		{4E388C08-E04E-4D6A-899C-77F64CD4FFA4}.Debug|Any CPU.ActiveCfg = Debug|Any CPU
		{4E388C08-E04E-4D6A-899C-77F64CD4FFA4}.Debug|Any CPU.Build.0 = Debug|Any CPU
		{4E388C08-E04E-4D6A-899C-77F64CD4FFA4}.Release|Any CPU.ActiveCfg = Release|Any CPU
		{4E388C08-E04E-4D6A-899C-77F64CD4FFA4}.Release|Any CPU.Build.0 = Release|Any CPU
		{F514BA63-5F7B-4464-BDDA-4B2D1356B7DB}.Debug|Any CPU.ActiveCfg = Debug|Any CPU
		{F514BA63-5F7B-4464-BDDA-4B2D1356B7DB}.Debug|Any CPU.Build.0 = Debug|Any CPU
		{F514BA63-5F7B-4464-BDDA-4B2D1356B7DB}.Release|Any CPU.ActiveCfg = Release|Any CPU
		{F514BA63-5F7B-4464-BDDA-4B2D1356B7DB}.Release|Any CPU.Build.0 = Release|Any CPU
		{F649605A-AFBF-4659-A8EF-096BA3C298E4}.Debug|Any CPU.ActiveCfg = Debug|Any CPU
		{F649605A-AFBF-4659-A8EF-096BA3C298E4}.Debug|Any CPU.Build.0 = Debug|Any CPU
		{F649605A-AFBF-4659-A8EF-096BA3C298E4}.Release|Any CPU.ActiveCfg = Release|Any CPU
		{F649605A-AFBF-4659-A8EF-096BA3C298E4}.Release|Any CPU.Build.0 = Release|Any CPU
	EndGlobalSection
EndGlobal
